
Microsoft Visual Studio Solution File, Format Version 12.00
# Visual Studio 15
VisualStudioVersion = 15.0.27428.2037
MinimumVisualStudioVersion = 10.0.40219.1
Project("{FAE04EC0-301F-11D3-BF4B-00C04F79EFBC}") = "DeThiThu", "DeThiThu\DeThiThu.csproj", "{4EEBF170-3F44-4BBA-A8E6-3A30ED81F2BC}"
EndProject
Project("{FAE04EC0-301F-11D3-BF4B-00C04F79EFBC}") = "ModelsMVC", "Model\ModelsMVC.csproj", "{5DDF2841-B6E2-47B7-ADC7-37AE2BAF7F34}"
EndProject
Global
	GlobalSection(SolutionConfigurationPlatforms) = preSolution
		Debug|Any CPU = Debug|Any CPU
		Release|Any CPU = Release|Any CPU
	EndGlobalSection
	GlobalSection(ProjectConfigurationPlatforms) = postSolution
		{4EEBF170-3F44-4BBA-A8E6-3A30ED81F2BC}.Debug|Any CPU.ActiveCfg = Debug|Any CPU
		{4EEBF170-3F44-4BBA-A8E6-3A30ED81F2BC}.Debug|Any CPU.Build.0 = Debug|Any CPU
		{4EEBF170-3F44-4BBA-A8E6-3A30ED81F2BC}.Release|Any CPU.ActiveCfg = Release|Any CPU
		{4EEBF170-3F44-4BBA-A8E6-3A30ED81F2BC}.Release|Any CPU.Build.0 = Release|Any CPU
		{5DDF2841-B6E2-47B7-ADC7-37AE2BAF7F34}.Debug|Any CPU.ActiveCfg = Debug|Any CPU
		{5DDF2841-B6E2-47B7-ADC7-37AE2BAF7F34}.Debug|Any CPU.Build.0 = Debug|Any CPU
		{5DDF2841-B6E2-47B7-ADC7-37AE2BAF7F34}.Release|Any CPU.ActiveCfg = Release|Any CPU
		{5DDF2841-B6E2-47B7-ADC7-37AE2BAF7F34}.Release|Any CPU.Build.0 = Release|Any CPU
	EndGlobalSection
	GlobalSection(SolutionProperties) = preSolution
		HideSolutionNode = FALSE
	EndGlobalSection
	GlobalSection(ExtensibilityGlobals) = postSolution
		SolutionGuid = {DC471830-24E7-4066-BF23-005426EAAE0E}
	EndGlobalSection
EndGlobal
