
Microsoft Visual Studio Solution File, Format Version 12.00
# Visual Studio 15
VisualStudioVersion = 15.0.27130.2024
MinimumVisualStudioVersion = 10.0.40219.1
Project("{FAE04EC0-301F-11D3-BF4B-00C04F79EFBC}") = "thuchanh1", "thuchanh1\thuchanh1.csproj", "{8DEFDDC5-EC39-4568-BEC9-716003F61713}"
EndProject
Global
	GlobalSection(SolutionConfigurationPlatforms) = preSolution
		Debug|Any CPU = Debug|Any CPU
		Release|Any CPU = Release|Any CPU
	EndGlobalSection
	GlobalSection(ProjectConfigurationPlatforms) = postSolution
		{8DEFDDC5-EC39-4568-BEC9-716003F61713}.Debug|Any CPU.ActiveCfg = Debug|Any CPU
		{8DEFDDC5-EC39-4568-BEC9-716003F61713}.Debug|Any CPU.Build.0 = Debug|Any CPU
		{8DEFDDC5-EC39-4568-BEC9-716003F61713}.Release|Any CPU.ActiveCfg = Release|Any CPU
		{8DEFDDC5-EC39-4568-BEC9-716003F61713}.Release|Any CPU.Build.0 = Release|Any CPU
	EndGlobalSection
	GlobalSection(SolutionProperties) = preSolution
		HideSolutionNode = FALSE
	EndGlobalSection
	GlobalSection(ExtensibilityGlobals) = postSolution
		SolutionGuid = {99856A78-83EF-4E30-BEA4-D9BEA7156AE1}
	EndGlobalSection
EndGlobal
